# THIS IS AN AUTOGENERATED FILE. DO NOT EDIT THIS FILE DIRECTLY.
# yarn lockfile v1


ansi-regex@^0.2.0, ansi-regex@^0.2.1:
  version "0.2.1"
  resolved "https://registry.yarnpkg.com/ansi-regex/-/ansi-regex-0.2.1.tgz#0d8e946967a3d8143f93e24e298525fc1b2235f9"
  integrity sha512-sGwIGMjhYdW26/IhwK2gkWWI8DRCVO6uj3hYgHT+zD+QL1pa37tM3ujhyfcJIYSbsxp7Gxhy7zrRW/1AHm4BmA==

ansi-styles@^1.1.0:
  version "1.1.0"
  resolved "https://registry.yarnpkg.com/ansi-styles/-/ansi-styles-1.1.0.tgz#eaecbf66cd706882760b2f4691582b8f55d7a7de"
  integrity sha512-f2PKUkN5QngiSemowa6Mrk9MPCdtFiOSmibjZ+j1qhLGHHYsqZwmBMRF3IRMVXo8sybDqx2fJl2d/8OphBoWkA==

argparse@^2.0.1:
  version "2.0.1"
  resolved "https://registry.yarnpkg.com/argparse/-/argparse-2.0.1.tgz#246f50f3ca78a3240f6c997e8a9bd1eac49e4b38"
  integrity sha512-8+9WqebbFzpX9OR+Wa6O29asIogeRMzcGtAINdpMHHyAg10f05aSFVBbcEqGf/PXw1EjAZ+q2/bEBg3DvurK3Q==

camel-case@^3.0.0:
  version "3.0.0"
  resolved "https://registry.yarnpkg.com/camel-case/-/camel-case-3.0.0.tgz#ca3c3688a4e9cf3a4cda777dc4dcbc713249cf73"
  integrity sha512-+MbKztAYHXPr1jNTSKQF52VpcFjwY5RkR7fxksV8Doo4KAYc5Fl4UJRgthBbTmEx8C54DqahhbLJkDwjI3PI/w==
  dependencies:
    no-case "^2.2.0"
    upper-case "^1.1.1"

chalk@^0.5.1:
  version "0.5.1"
  resolved "https://registry.yarnpkg.com/chalk/-/chalk-0.5.1.tgz#663b3a648b68b55d04690d49167aa837858f2174"
  integrity sha512-bIKA54hP8iZhyDT81TOsJiQvR1gW+ZYSXFaZUAvoD4wCHdbHY2actmpTE4x344ZlFqHbvoxKOaESULTZN2gstg==
  dependencies:
    ansi-styles "^1.1.0"
    escape-string-regexp "^1.0.0"
    has-ansi "^0.1.0"
    strip-ansi "^0.3.0"
    supports-color "^0.2.0"

clean-css@^4.2.1:
  version "4.2.4"
  resolved "https://registry.yarnpkg.com/clean-css/-/clean-css-4.2.4.tgz#733bf46eba4e607c6891ea57c24a989356831178"
  integrity sha512-EJUDT7nDVFDvaQgAo2G/PJvxmp1o/c6iXLbswsBbUFXi1Nr+AjA2cKmfbKDMjMvzEe75g3P6JkaDDAKk96A85A==
  dependencies:
    source-map "~0.6.0"

commander@^2.19.0, commander@^2.3.0:
  version "2.20.3"
  resolved "https://registry.yarnpkg.com/commander/-/commander-2.20.3.tgz#fd485e84c03eb4881c20722ba48035e8531aeb33"
  integrity sha512-GpVkmM8vF2vQUkj2LvZmD35JxeJOLCwJ9cUkugyk2nuhbv3+mJvpLYYt+0+USMxE+oj+ey/lJEnhZw75x/OMcQ==

entities@~3.0.1:
  version "3.0.1"
  resolved "https://registry.yarnpkg.com/entities/-/entities-3.0.1.tgz#2b887ca62585e96db3903482d336c1006c3001d4"
  integrity sha512-WiyBqoomrwMdFG1e0kqvASYfnlb0lp8M5o5Fw2OFq1hNZxxcNk8Ik0Xm7LxzBhuidnZB/UtBqVCgUz3kBOP51Q==

escape-string-regexp@^1.0.0:
  version "1.0.5"
  resolved "https://registry.yarnpkg.com/escape-string-regexp/-/escape-string-regexp-1.0.5.tgz#1b61c0562190a8dff6ae3bb2cf0200ca130b86d4"
  integrity sha512-vbRorB5FUQWvla16U8R/qgaFIya2qGzwDrNmCZuYKrbdSUMG6I1ZCGQRefkRVhuOkIGVne7BQ35DSfo1qvJqFg==

file-size@0.0.5:
  version "0.0.5"
  resolved "https://registry.yarnpkg.com/file-size/-/file-size-0.0.5.tgz#057d43c3a3ed735da3f90d6052ab380f1e6d5e3b"
  integrity sha512-ZW056dw8Ta1RWHVOQue3LMZe+mSOnHkcM7AN9is8JoHSIHRiLD5szwPAHM3fM7P5SGJ1bkAmCv3PvUTGoluDqA==

has-ansi@^0.1.0:
  version "0.1.0"
  resolved "https://registry.yarnpkg.com/has-ansi/-/has-ansi-0.1.0.tgz#84f265aae8c0e6a88a12d7022894b7568894c62e"
  integrity sha512-1YsTg1fk2/6JToQhtZkArMkurq8UoWU1Qe0aR3VUHjgij4nOylSWLWAtBXoZ4/dXOmugfLGm1c+QhuD0JyedFA==
  dependencies:
    ansi-regex "^0.2.0"

he@^1.2.0:
  version "1.2.0"
  resolved "https://registry.yarnpkg.com/he/-/he-1.2.0.tgz#84ae65fa7eafb165fddb61566ae14baf05664f0f"
  integrity sha512-F/1DnUGPopORZi0ni+CvrCgHQ5FyEAHRLSApuYWMmrbSwoN2Mn/7k+Gl38gJnR7yyDZk6WLXwiGod1JOWNDKGw==

highlight.js@^11.8.0:
  version "11.8.0"
  resolved "https://registry.yarnpkg.com/highlight.js/-/highlight.js-11.8.0.tgz#966518ea83257bae2e7c9a48596231856555bb65"
  integrity sha512-MedQhoqVdr0U6SSnWPzfiadUcDHfN/Wzq25AkXiQv9oiOO/sG0S7XkvpFIqWBl9Yq1UYyYOOVORs5UW2XlPyzg==

html-minifier@^4.0.0:
  version "4.0.0"
  resolved "https://registry.yarnpkg.com/html-minifier/-/html-minifier-4.0.0.tgz#cca9aad8bce1175e02e17a8c33e46d8988889f56"
  integrity sha512-aoGxanpFPLg7MkIl/DDFYtb0iWz7jMFGqFhvEDZga6/4QTjneiD8I/NXL1x5aaoCp7FSIT6h/OhykDdPsbtMig==
  dependencies:
    camel-case "^3.0.0"
    clean-css "^4.2.1"
    commander "^2.19.0"
    he "^1.2.0"
    param-case "^2.1.1"
    relateurl "^0.2.7"
    uglify-js "^3.5.1"

is-wsl@^1.1.0:
  version "1.1.0"
  resolved "https://registry.yarnpkg.com/is-wsl/-/is-wsl-1.1.0.tgz#1f16e4aa22b04d1336b66188a66af3c600c3a66d"
  integrity sha512-gfygJYZ2gLTDlmbWMI0CE2MwnFzSN/2SZfkMlItC4K/JBlsWVDB0bO6XhqcY13YXE7iMcAJnzTCJjPiTeJJ0Mw==

linkify-it@^4.0.1:
  version "4.0.1"
  resolved "https://registry.yarnpkg.com/linkify-it/-/linkify-it-4.0.1.tgz#01f1d5e508190d06669982ba31a7d9f56a5751ec"
  integrity sha512-C7bfi1UZmoj8+PQx22XyeXCuBlokoyWQL5pWSP+EI6nzRylyThouddufc2c1NDIcP9k5agmN9fLpA7VNJfIiqw==
  dependencies:
    uc.micro "^1.0.1"

lower-case@^1.1.1:
  version "1.1.4"
  resolved "https://registry.yarnpkg.com/lower-case/-/lower-case-1.1.4.tgz#9a2cabd1b9e8e0ae993a4bf7d5875c39c42e8eac"
  integrity sha512-2Fgx1Ycm599x+WGpIYwJOvsjmXFzTSc34IwDWALRA/8AopUKAVPwfJ+h5+f85BCp0PWmmJcWzEpxOpoXycMpdA==

markdown-it-anchor@^8.6.7:
  version "8.6.7"
  resolved "https://registry.yarnpkg.com/markdown-it-anchor/-/markdown-it-anchor-8.6.7.tgz#ee6926daf3ad1ed5e4e3968b1740eef1c6399634"
  integrity sha512-FlCHFwNnutLgVTflOYHPW2pPcl2AACqVzExlkGQNsi4CJgqOHN7YTgDd4LuhgN1BFO3TS0vLAruV1Td6dwWPJA==

markdown-it@^13.0.1:
  version "13.0.1"
  resolved "https://registry.yarnpkg.com/markdown-it/-/markdown-it-13.0.1.tgz#c6ecc431cacf1a5da531423fc6a42807814af430"
  integrity sha512-lTlxriVoy2criHP0JKRhO2VDG9c2ypWCsT237eDiLqi09rmbKoUetyGHq2uOIRoRS//kfoJckS0eUzzkDR+k2Q==
  dependencies:
    argparse "^2.0.1"
    entities "~3.0.1"
    linkify-it "^4.0.1"
    mdurl "^1.0.1"
    uc.micro "^1.0.5"

mdurl@^1.0.1:
  version "1.0.1"
  resolved "https://registry.yarnpkg.com/mdurl/-/mdurl-1.0.1.tgz#fe85b2ec75a59037f2adfec100fd6c601761152e"
  integrity sha512-/sKlQJCBYVY9Ers9hqzKou4H6V5UWc/M59TH2dvkt+84itfnq7uFOMLpOiOS4ujvHP4etln18fmIxA5R5fll0g==

mime@^1.2.11:
  version "1.6.0"
  resolved "https://registry.yarnpkg.com/mime/-/mime-1.6.0.tgz#32cd9e5c64553bd58d19a568af452acff04981b1"
  integrity sha512-x0Vn8spI+wuJ1O6S7gnbaQg8Pxh4NNHb7KSINmEWKiPE4RKOplvijn+NkmYmmRgP68mc70j2EbeTFRsrswaQeg==

no-case@^2.2.0:
  version "2.3.2"
  resolved "https://registry.yarnpkg.com/no-case/-/no-case-2.3.2.tgz#60b813396be39b3f1288a4c1ed5d1e7d28b464ac"
  integrity sha512-rmTZ9kz+f3rCvK2TD1Ue/oZlns7OGoIWP4fc3llxxRXlOkHKoWPPWJOfFYpITabSow43QJbRIoHQXtt10VldyQ==
  dependencies:
    lower-case "^1.1.1"

node-fetch@2.6.7:
  version "2.6.7"
  resolved "https://registry.yarnpkg.com/node-fetch/-/node-fetch-2.6.7.tgz#24de9fba827e3b4ae44dc8b20256a379160052ad"
  integrity sha512-ZjMPFEfVx5j+y2yF35Kzx5sF7kDzxuDj6ziH4FFbOp87zKDZNx8yExJIb05OGF4Nlt9IHFIMBkRl41VdvcNdbQ==
  dependencies:
    whatwg-url "^5.0.0"

opn@^5.2.0:
  version "5.5.0"
  resolved "https://registry.yarnpkg.com/opn/-/opn-5.5.0.tgz#fc7164fab56d235904c51c3b27da6758ca3b9bfc"
  integrity sha512-PqHpggC9bLV0VeWcdKhkpxY+3JTzetLSqTCWL/z/tFIbI6G8JCjondXklT1JinczLz2Xib62sSp0T/gKT4KksA==
  dependencies:
    is-wsl "^1.1.0"

param-case@^2.1.1:
  version "2.1.1"
  resolved "https://registry.yarnpkg.com/param-case/-/param-case-2.1.1.tgz#df94fd8cf6531ecf75e6bef9a0858fbc72be2247"
  integrity sha512-eQE845L6ot89sk2N8liD8HAuH4ca6Vvr7VWAWwt7+kvvG5aBcPmmphQ68JsEG2qa9n1TykS2DLeMt363AAH8/w==
  dependencies:
    no-case "^2.2.0"

relateurl@^0.2.7:
  version "0.2.7"
  resolved "https://registry.yarnpkg.com/relateurl/-/relateurl-0.2.7.tgz#54dbf377e51440aca90a4cd274600d3ff2d888a9"
  integrity sha512-G08Dxvm4iDN3MLM0EsP62EDV9IuhXPR6blNz6Utcp7zyV3tr4HVNINt6MpaRWbxoOHT3Q7YN2P+jaHX8vUbgog==

source-map@~0.6.0:
  version "0.6.1"
  resolved "https://registry.yarnpkg.com/source-map/-/source-map-0.6.1.tgz#74722af32e9614e9c287a8d0bbde48b5e2f1a263"
  integrity sha512-UjgapumWlbMhkBgzT7Ykc5YXUT46F0iKu8SGXq0bcwP5dz/h0Plj6enJqjz1Zbq2l5WaqYnrVbwWOWMyF3F47g==

static-server@^2.2.1:
  version "2.2.1"
  resolved "https://registry.yarnpkg.com/static-server/-/static-server-2.2.1.tgz#49e3cae2a001736b0ee9e95d21d3d843fc95efaa"
  integrity sha512-j5eeW6higxYNmXMIT8iHjsdiViTpQDthg7o+SHsRtqdbxscdHqBHXwrXjHC8hL3F0Tsu34ApUpDkwzMBPBsrLw==
  dependencies:
    chalk "^0.5.1"
    commander "^2.3.0"
    file-size "0.0.5"
    mime "^1.2.11"
    opn "^5.2.0"

string@^3.3.3:
  version "3.3.3"
  resolved "https://registry.yarnpkg.com/string/-/string-3.3.3.tgz#5ea211cd92d228e184294990a6cc97b366a77cb0"
  integrity sha512-LbvprpPZT/39QKfNrlPX9vXtS7If80vqbPQ7clnHQb5oVOM5hz/cs3iQCCZjvQDwsAWl+HpLQX3gRgN6IC8t3g==

strip-ansi@^0.3.0:
  version "0.3.0"
  resolved "https://registry.yarnpkg.com/strip-ansi/-/strip-ansi-0.3.0.tgz#25f48ea22ca79187f3174a4db8759347bb126220"
  integrity sha512-DerhZL7j6i6/nEnVG0qViKXI0OKouvvpsAiaj7c+LfqZZZxdwZtv8+UiA/w4VUJpT8UzX0pR1dcHOii1GbmruQ==
  dependencies:
    ansi-regex "^0.2.1"

supports-color@^0.2.0:
  version "0.2.0"
  resolved "https://registry.yarnpkg.com/supports-color/-/supports-color-0.2.0.tgz#d92de2694eb3f67323973d7ae3d8b55b4c22190a"
  integrity sha512-tdCZ28MnM7k7cJDJc7Eq80A9CsRFAAOZUy41npOZCs++qSjfIy7o5Rh46CBk+Dk5FbKJ33X3Tqg4YrV07N5RaA==

tr46@~0.0.3:
  version "0.0.3"
  resolved "https://registry.yarnpkg.com/tr46/-/tr46-0.0.3.tgz#8184fd347dac9cdc185992f3a6622e14b9d9ab6a"
  integrity sha512-N3WMsuqV66lT30CrXNbEjx4GEwlow3v6rr4mCcv6prnfwhS01rkgyFdjPNBYd9br7LpXV1+Emh01fHnq2Gdgrw==

uc.micro@^1.0.1, uc.micro@^1.0.5:
  version "1.0.6"
  resolved "https://registry.yarnpkg.com/uc.micro/-/uc.micro-1.0.6.tgz#9c411a802a409a91fc6cf74081baba34b24499ac"
  integrity sha512-8Y75pvTYkLJW2hWQHXxoqRgV7qb9B+9vFEtidML+7koHUFapnVJAZ6cKs+Qjz5Aw3aZWHMC6u0wJE3At+nSGwA==

uglify-js@^3.5.1:
  version "3.17.4"
  resolved "https://registry.yarnpkg.com/uglify-js/-/uglify-js-3.17.4.tgz#61678cf5fa3f5b7eb789bb345df29afb8257c22c"
  integrity sha512-T9q82TJI9e/C1TAxYvfb16xO120tMVFZrGA3f9/P4424DNu6ypK103y0GPFVa17yotwSyZW5iYXgjYHkGrJW/g==

upper-case@^1.1.1:
  version "1.1.3"
  resolved "https://registry.yarnpkg.com/upper-case/-/upper-case-1.1.3.tgz#f6b4501c2ec4cdd26ba78be7222961de77621598"
  integrity sha512-WRbjgmYzgXkCV7zNVpy5YgrHgbBv126rMALQQMrmzOVC4GM2waQ9x7xtm8VU+1yF2kWyPzI9zbZ48n4vSxwfSA==

webidl-conversions@^3.0.0:
  version "3.0.1"
  resolved "https://registry.yarnpkg.com/webidl-conversions/-/webidl-conversions-3.0.1.tgz#24534275e2a7bc6be7bc86611cc16ae0a5654871"
  integrity sha512-2JAn3z8AR6rjK8Sm8orRC0h/bcl/DqL7tRPdGZ4I1CjdF+EaMLmYxBHyXuKL849eucPFhvBoxMsflfOb8kxaeQ==

whatwg-url@^5.0.0:
  version "5.0.0"
  resolved "https://registry.yarnpkg.com/whatwg-url/-/whatwg-url-5.0.0.tgz#966454e8765462e37644d3626f6742ce8b70965d"
  integrity sha512-saE57nupxk6v3HY35+jzBwYa0rKSy0XR8JSxZPwgLr7ys0IBzhGviA1/TUGJLmSVqs8pb9AnvICXEuOHLprYTw==
  dependencies:
    tr46 "~0.0.3"
    webidl-conversions "^3.0.0"

xml@^1.0.1:
  version "1.0.1"
  resolved "https://registry.yarnpkg.com/xml/-/xml-1.0.1.tgz#78ba72020029c5bc87b8a81a3cfcd74b4a2fc1e5"
  integrity sha512-huCv9IH9Tcf95zuYCsQraZtWnJvBtLVE0QHMOs8bWyZAFZNDcYjsPq1nEx8jKA9y+Beo9v+7OBPRisQTjinQMw==
